
Microsoft Visual Studio Solution File, Format Version 12.00
# Visual Studio 15
VisualStudioVersion = 15.0.26430.4
MinimumVisualStudioVersion = 10.0.40219.1
Project("{FAE04EC0-301F-11D3-BF4B-00C04F79EFBC}") = "AppStylesXF.Droid", "AppStylesXF\AppStylesXF.Droid\AppStylesXF.Droid.csproj", "{262F8205-8381-40BE-9DD7-1470F10A9BAA}"
EndProject
Project("{FAE04EC0-301F-11D3-BF4B-00C04F79EFBC}") = "AppStylesXF.iOS", "AppStylesXF\AppStylesXF.iOS\AppStylesXF.iOS.csproj", "{63181588-9F2F-4E96-BB38-FED260F0674F}"
EndProject
Project("{FAE04EC0-301F-11D3-BF4B-00C04F79EFBC}") = "AppStylesXF", "AppStylesXF\AppStylesXF\AppStylesXF.csproj", "{481671F2-E25E-4995-9BE3-929BBA40A298}"
EndProject
Global
	GlobalSection(SolutionConfigurationPlatforms) = preSolution
		Ad-Hoc|Any CPU = Ad-Hoc|Any CPU
		Ad-Hoc|ARM = Ad-Hoc|ARM
		Ad-Hoc|iPhone = Ad-Hoc|iPhone
		Ad-Hoc|iPhoneSimulator = Ad-Hoc|iPhoneSimulator
		Ad-Hoc|Mixed Platforms = Ad-Hoc|Mixed Platforms
		Ad-Hoc|x64 = Ad-Hoc|x64
		Ad-Hoc|x86 = Ad-Hoc|x86
		AppStore|Any CPU = AppStore|Any CPU
		AppStore|ARM = AppStore|ARM
		AppStore|iPhone = AppStore|iPhone
		AppStore|iPhoneSimulator = AppStore|iPhoneSimulator
		AppStore|Mixed Platforms = AppStore|Mixed Platforms
		AppStore|x64 = AppStore|x64
		AppStore|x86 = AppStore|x86
		Debug|Any CPU = Debug|Any CPU
		Debug|ARM = Debug|ARM
		Debug|iPhone = Debug|iPhone
		Debug|iPhoneSimulator = Debug|iPhoneSimulator
		Debug|Mixed Platforms = Debug|Mixed Platforms
		Debug|x64 = Debug|x64
		Debug|x86 = Debug|x86
		Release|Any CPU = Release|Any CPU
		Release|ARM = Release|ARM
		Release|iPhone = Release|iPhone
		Release|iPhoneSimulator = Release|iPhoneSimulator
		Release|Mixed Platforms = Release|Mixed Platforms
		Release|x64 = Release|x64
		Release|x86 = Release|x86
	EndGlobalSection
	GlobalSection(ProjectConfigurationPlatforms) = postSolution
		{262F8205-8381-40BE-9DD7-1470F10A9BAA}.Ad-Hoc|Any CPU.ActiveCfg = Release|Any CPU
		{262F8205-8381-40BE-9DD7-1470F10A9BAA}.Ad-Hoc|Any CPU.Build.0 = Release|Any CPU
		{262F8205-8381-40BE-9DD7-1470F10A9BAA}.Ad-Hoc|Any CPU.Deploy.0 = Release|Any CPU
		{262F8205-8381-40BE-9DD7-1470F10A9BAA}.Ad-Hoc|ARM.ActiveCfg = Release|Any CPU
		{262F8205-8381-40BE-9DD7-1470F10A9BAA}.Ad-Hoc|iPhone.ActiveCfg = Release|Any CPU
		{262F8205-8381-40BE-9DD7-1470F10A9BAA}.Ad-Hoc|iPhoneSimulator.ActiveCfg = Release|Any CPU
		{262F8205-8381-40BE-9DD7-1470F10A9BAA}.Ad-Hoc|Mixed Platforms.ActiveCfg = Release|Any CPU
		{262F8205-8381-40BE-9DD7-1470F10A9BAA}.Ad-Hoc|Mixed Platforms.Build.0 = Release|Any CPU
		{262F8205-8381-40BE-9DD7-1470F10A9BAA}.Ad-Hoc|Mixed Platforms.Deploy.0 = Release|Any CPU
		{262F8205-8381-40BE-9DD7-1470F10A9BAA}.Ad-Hoc|x64.ActiveCfg = Release|Any CPU
		{262F8205-8381-40BE-9DD7-1470F10A9BAA}.Ad-Hoc|x86.ActiveCfg = Release|Any CPU
		{262F8205-8381-40BE-9DD7-1470F10A9BAA}.AppStore|Any CPU.ActiveCfg = Release|Any CPU
		{262F8205-8381-40BE-9DD7-1470F10A9BAA}.AppStore|Any CPU.Build.0 = Release|Any CPU
		{262F8205-8381-40BE-9DD7-1470F10A9BAA}.AppStore|Any CPU.Deploy.0 = Release|Any CPU
		{262F8205-8381-40BE-9DD7-1470F10A9BAA}.AppStore|ARM.ActiveCfg = Release|Any CPU
		{262F8205-8381-40BE-9DD7-1470F10A9BAA}.AppStore|iPhone.ActiveCfg = Release|Any CPU
		{262F8205-8381-40BE-9DD7-1470F10A9BAA}.AppStore|iPhoneSimulator.ActiveCfg = Release|Any CPU
		{262F8205-8381-40BE-9DD7-1470F10A9BAA}.AppStore|Mixed Platforms.ActiveCfg = Release|Any CPU
		{262F8205-8381-40BE-9DD7-1470F10A9BAA}.AppStore|Mixed Platforms.Build.0 = Release|Any CPU
		{262F8205-8381-40BE-9DD7-1470F10A9BAA}.AppStore|Mixed Platforms.Deploy.0 = Release|Any CPU
		{262F8205-8381-40BE-9DD7-1470F10A9BAA}.AppStore|x64.ActiveCfg = Release|Any CPU
		{262F8205-8381-40BE-9DD7-1470F10A9BAA}.AppStore|x86.ActiveCfg = Release|Any CPU
		{262F8205-8381-40BE-9DD7-1470F10A9BAA}.Debug|Any CPU.ActiveCfg = Debug|Any CPU
		{262F8205-8381-40BE-9DD7-1470F10A9BAA}.Debug|Any CPU.Build.0 = Debug|Any CPU
		{262F8205-8381-40BE-9DD7-1470F10A9BAA}.Debug|Any CPU.Deploy.0 = Debug|Any CPU
		{262F8205-8381-40BE-9DD7-1470F10A9BAA}.Debug|ARM.ActiveCfg = Debug|Any CPU
		{262F8205-8381-40BE-9DD7-1470F10A9BAA}.Debug|iPhone.ActiveCfg = Debug|Any CPU
		{262F8205-8381-40BE-9DD7-1470F10A9BAA}.Debug|iPhoneSimulator.ActiveCfg = Debug|Any CPU
		{262F8205-8381-40BE-9DD7-1470F10A9BAA}.Debug|Mixed Platforms.ActiveCfg = Debug|Any CPU
		{262F8205-8381-40BE-9DD7-1470F10A9BAA}.Debug|Mixed Platforms.Build.0 = Debug|Any CPU
		{262F8205-8381-40BE-9DD7-1470F10A9BAA}.Debug|Mixed Platforms.Deploy.0 = Debug|Any CPU
		{262F8205-8381-40BE-9DD7-1470F10A9BAA}.Debug|x64.ActiveCfg = Debug|Any CPU
		{262F8205-8381-40BE-9DD7-1470F10A9BAA}.Debug|x86.ActiveCfg = Debug|Any CPU
		{262F8205-8381-40BE-9DD7-1470F10A9BAA}.Release|Any CPU.ActiveCfg = Release|Any CPU
		{262F8205-8381-40BE-9DD7-1470F10A9BAA}.Release|Any CPU.Build.0 = Release|Any CPU
		{262F8205-8381-40BE-9DD7-1470F10A9BAA}.Release|Any CPU.Deploy.0 = Release|Any CPU
		{262F8205-8381-40BE-9DD7-1470F10A9BAA}.Release|ARM.ActiveCfg = Release|Any CPU
		{262F8205-8381-40BE-9DD7-1470F10A9BAA}.Release|iPhone.ActiveCfg = Release|Any CPU
		{262F8205-8381-40BE-9DD7-1470F10A9BAA}.Release|iPhoneSimulator.ActiveCfg = Release|Any CPU
		{262F8205-8381-40BE-9DD7-1470F10A9BAA}.Release|Mixed Platforms.ActiveCfg = Release|Any CPU
		{262F8205-8381-40BE-9DD7-1470F10A9BAA}.Release|Mixed Platforms.Build.0 = Release|Any CPU
		{262F8205-8381-40BE-9DD7-1470F10A9BAA}.Release|Mixed Platforms.Deploy.0 = Release|Any CPU
		{262F8205-8381-40BE-9DD7-1470F10A9BAA}.Release|x64.ActiveCfg = Release|Any CPU
		{262F8205-8381-40BE-9DD7-1470F10A9BAA}.Release|x86.ActiveCfg = Release|Any CPU
		{63181588-9F2F-4E96-BB38-FED260F0674F}.Ad-Hoc|Any CPU.ActiveCfg = Ad-Hoc|iPhone
		{63181588-9F2F-4E96-BB38-FED260F0674F}.Ad-Hoc|ARM.ActiveCfg = Ad-Hoc|iPhone
		{63181588-9F2F-4E96-BB38-FED260F0674F}.Ad-Hoc|iPhone.ActiveCfg = Ad-Hoc|iPhone
		{63181588-9F2F-4E96-BB38-FED260F0674F}.Ad-Hoc|iPhone.Build.0 = Ad-Hoc|iPhone
		{63181588-9F2F-4E96-BB38-FED260F0674F}.Ad-Hoc|iPhoneSimulator.ActiveCfg = Ad-Hoc|iPhoneSimulator
		{63181588-9F2F-4E96-BB38-FED260F0674F}.Ad-Hoc|iPhoneSimulator.Build.0 = Ad-Hoc|iPhoneSimulator
		{63181588-9F2F-4E96-BB38-FED260F0674F}.Ad-Hoc|Mixed Platforms.ActiveCfg = Ad-Hoc|iPhone
		{63181588-9F2F-4E96-BB38-FED260F0674F}.Ad-Hoc|Mixed Platforms.Build.0 = Ad-Hoc|iPhone
		{63181588-9F2F-4E96-BB38-FED260F0674F}.Ad-Hoc|x64.ActiveCfg = Ad-Hoc|iPhone
		{63181588-9F2F-4E96-BB38-FED260F0674F}.Ad-Hoc|x86.ActiveCfg = Ad-Hoc|iPhone
		{63181588-9F2F-4E96-BB38-FED260F0674F}.AppStore|Any CPU.ActiveCfg = AppStore|iPhone
		{63181588-9F2F-4E96-BB38-FED260F0674F}.AppStore|ARM.ActiveCfg = AppStore|iPhone
		{63181588-9F2F-4E96-BB38-FED260F0674F}.AppStore|iPhone.ActiveCfg = AppStore|iPhone
		{63181588-9F2F-4E96-BB38-FED260F0674F}.AppStore|iPhone.Build.0 = AppStore|iPhone
		{63181588-9F2F-4E96-BB38-FED260F0674F}.AppStore|iPhoneSimulator.ActiveCfg = AppStore|iPhoneSimulator
		{63181588-9F2F-4E96-BB38-FED260F0674F}.AppStore|iPhoneSimulator.Build.0 = AppStore|iPhoneSimulator
		{63181588-9F2F-4E96-BB38-FED260F0674F}.AppStore|Mixed Platforms.ActiveCfg = AppStore|iPhone
		{63181588-9F2F-4E96-BB38-FED260F0674F}.AppStore|Mixed Platforms.Build.0 = AppStore|iPhone
		{63181588-9F2F-4E96-BB38-FED260F0674F}.AppStore|x64.ActiveCfg = AppStore|iPhone
		{63181588-9F2F-4E96-BB38-FED260F0674F}.AppStore|x86.ActiveCfg = AppStore|iPhone
		{63181588-9F2F-4E96-BB38-FED260F0674F}.Debug|Any CPU.ActiveCfg = Debug|iPhone
		{63181588-9F2F-4E96-BB38-FED260F0674F}.Debug|ARM.ActiveCfg = Debug|iPhone
		{63181588-9F2F-4E96-BB38-FED260F0674F}.Debug|iPhone.ActiveCfg = Debug|iPhone
		{63181588-9F2F-4E96-BB38-FED260F0674F}.Debug|iPhone.Build.0 = Debug|iPhone
		{63181588-9F2F-4E96-BB38-FED260F0674F}.Debug|iPhoneSimulator.ActiveCfg = Debug|iPhoneSimulator
		{63181588-9F2F-4E96-BB38-FED260F0674F}.Debug|iPhoneSimulator.Build.0 = Debug|iPhoneSimulator
		{63181588-9F2F-4E96-BB38-FED260F0674F}.Debug|Mixed Platforms.ActiveCfg = Debug|iPhone
		{63181588-9F2F-4E96-BB38-FED260F0674F}.Debug|Mixed Platforms.Build.0 = Debug|iPhone
		{63181588-9F2F-4E96-BB38-FED260F0674F}.Debug|x64.ActiveCfg = Debug|iPhone
		{63181588-9F2F-4E96-BB38-FED260F0674F}.Debug|x86.ActiveCfg = Debug|iPhone
		{63181588-9F2F-4E96-BB38-FED260F0674F}.Release|Any CPU.ActiveCfg = Release|iPhone
		{63181588-9F2F-4E96-BB38-FED260F0674F}.Release|ARM.ActiveCfg = Release|iPhone
		{63181588-9F2F-4E96-BB38-FED260F0674F}.Release|iPhone.ActiveCfg = Release|iPhone
		{63181588-9F2F-4E96-BB38-FED260F0674F}.Release|iPhone.Build.0 = Release|iPhone
		{63181588-9F2F-4E96-BB38-FED260F0674F}.Release|iPhoneSimulator.ActiveCfg = Release|iPhoneSimulator
		{63181588-9F2F-4E96-BB38-FED260F0674F}.Release|iPhoneSimulator.Build.0 = Release|iPhoneSimulator
		{63181588-9F2F-4E96-BB38-FED260F0674F}.Release|Mixed Platforms.ActiveCfg = Release|iPhone
		{63181588-9F2F-4E96-BB38-FED260F0674F}.Release|Mixed Platforms.Build.0 = Release|iPhone
		{63181588-9F2F-4E96-BB38-FED260F0674F}.Release|x64.ActiveCfg = Release|iPhone
		{63181588-9F2F-4E96-BB38-FED260F0674F}.Release|x86.ActiveCfg = Release|iPhone
		{481671F2-E25E-4995-9BE3-929BBA40A298}.Ad-Hoc|Any CPU.ActiveCfg = Release|Any CPU
		{481671F2-E25E-4995-9BE3-929BBA40A298}.Ad-Hoc|Any CPU.Build.0 = Release|Any CPU
		{481671F2-E25E-4995-9BE3-929BBA40A298}.Ad-Hoc|ARM.ActiveCfg = Release|Any CPU
		{481671F2-E25E-4995-9BE3-929BBA40A298}.Ad-Hoc|iPhone.ActiveCfg = Release|Any CPU
		{481671F2-E25E-4995-9BE3-929BBA40A298}.Ad-Hoc|iPhone.Build.0 = Release|Any CPU
		{481671F2-E25E-4995-9BE3-929BBA40A298}.Ad-Hoc|iPhoneSimulator.ActiveCfg = Release|Any CPU
		{481671F2-E25E-4995-9BE3-929BBA40A298}.Ad-Hoc|iPhoneSimulator.Build.0 = Release|Any CPU
		{481671F2-E25E-4995-9BE3-929BBA40A298}.Ad-Hoc|Mixed Platforms.ActiveCfg = Release|Any CPU
		{481671F2-E25E-4995-9BE3-929BBA40A298}.Ad-Hoc|Mixed Platforms.Build.0 = Release|Any CPU
		{481671F2-E25E-4995-9BE3-929BBA40A298}.Ad-Hoc|x64.ActiveCfg = Release|Any CPU
		{481671F2-E25E-4995-9BE3-929BBA40A298}.Ad-Hoc|x86.ActiveCfg = Release|Any CPU
		{481671F2-E25E-4995-9BE3-929BBA40A298}.AppStore|Any CPU.ActiveCfg = Release|Any CPU
		{481671F2-E25E-4995-9BE3-929BBA40A298}.AppStore|Any CPU.Build.0 = Release|Any CPU
		{481671F2-E25E-4995-9BE3-929BBA40A298}.AppStore|ARM.ActiveCfg = Release|Any CPU
		{481671F2-E25E-4995-9BE3-929BBA40A298}.AppStore|iPhone.ActiveCfg = Release|Any CPU
		{481671F2-E25E-4995-9BE3-929BBA40A298}.AppStore|iPhone.Build.0 = Release|Any CPU
		{481671F2-E25E-4995-9BE3-929BBA40A298}.AppStore|iPhoneSimulator.ActiveCfg = Release|Any CPU
		{481671F2-E25E-4995-9BE3-929BBA40A298}.AppStore|iPhoneSimulator.Build.0 = Release|Any CPU
		{481671F2-E25E-4995-9BE3-929BBA40A298}.AppStore|Mixed Platforms.ActiveCfg = Release|Any CPU
		{481671F2-E25E-4995-9BE3-929BBA40A298}.AppStore|Mixed Platforms.Build.0 = Release|Any CPU
		{481671F2-E25E-4995-9BE3-929BBA40A298}.AppStore|x64.ActiveCfg = Release|Any CPU
		{481671F2-E25E-4995-9BE3-929BBA40A298}.AppStore|x86.ActiveCfg = Release|Any CPU
		{481671F2-E25E-4995-9BE3-929BBA40A298}.Debug|Any CPU.ActiveCfg = Debug|Any CPU
		{481671F2-E25E-4995-9BE3-929BBA40A298}.Debug|Any CPU.Build.0 = Debug|Any CPU
		{481671F2-E25E-4995-9BE3-929BBA40A298}.Debug|ARM.ActiveCfg = Debug|Any CPU
		{481671F2-E25E-4995-9BE3-929BBA40A298}.Debug|iPhone.ActiveCfg = Debug|Any CPU
		{481671F2-E25E-4995-9BE3-929BBA40A298}.Debug|iPhone.Build.0 = Debug|Any CPU
		{481671F2-E25E-4995-9BE3-929BBA40A298}.Debug|iPhoneSimulator.ActiveCfg = Debug|Any CPU
		{481671F2-E25E-4995-9BE3-929BBA40A298}.Debug|iPhoneSimulator.Build.0 = Debug|Any CPU
		{481671F2-E25E-4995-9BE3-929BBA40A298}.Debug|Mixed Platforms.ActiveCfg = Debug|Any CPU
		{481671F2-E25E-4995-9BE3-929BBA40A298}.Debug|Mixed Platforms.Build.0 = Debug|Any CPU
		{481671F2-E25E-4995-9BE3-929BBA40A298}.Debug|x64.ActiveCfg = Debug|Any CPU
		{481671F2-E25E-4995-9BE3-929BBA40A298}.Debug|x86.ActiveCfg = Debug|Any CPU
		{481671F2-E25E-4995-9BE3-929BBA40A298}.Release|Any CPU.ActiveCfg = Release|Any CPU
		{481671F2-E25E-4995-9BE3-929BBA40A298}.Release|Any CPU.Build.0 = Release|Any CPU
		{481671F2-E25E-4995-9BE3-929BBA40A298}.Release|ARM.ActiveCfg = Release|Any CPU
		{481671F2-E25E-4995-9BE3-929BBA40A298}.Release|iPhone.ActiveCfg = Release|Any CPU
		{481671F2-E25E-4995-9BE3-929BBA40A298}.Release|iPhone.Build.0 = Release|Any CPU
		{481671F2-E25E-4995-9BE3-929BBA40A298}.Release|iPhoneSimulator.ActiveCfg = Release|Any CPU
		{481671F2-E25E-4995-9BE3-929BBA40A298}.Release|iPhoneSimulator.Build.0 = Release|Any CPU
		{481671F2-E25E-4995-9BE3-929BBA40A298}.Release|Mixed Platforms.ActiveCfg = Release|Any CPU
		{481671F2-E25E-4995-9BE3-929BBA40A298}.Release|Mixed Platforms.Build.0 = Release|Any CPU
		{481671F2-E25E-4995-9BE3-929BBA40A298}.Release|x64.ActiveCfg = Release|Any CPU
		{481671F2-E25E-4995-9BE3-929BBA40A298}.Release|x86.ActiveCfg = Release|Any CPU
	EndGlobalSection
	GlobalSection(SolutionProperties) = preSolution
		HideSolutionNode = FALSE
	EndGlobalSection
EndGlobal
