
Microsoft Visual Studio Solution File, Format Version 12.00
# Visual Studio 15
VisualStudioVersion = 15.0.26430.4
MinimumVisualStudioVersion = 10.0.40219.1
Project("{FAE04EC0-301F-11D3-BF4B-00C04F79EFBC}") = "AppConvertersXF.Droid", "AppConvertersXF\AppConvertersXF.Droid\AppConvertersXF.Droid.csproj", "{AE6F5B6F-B69E-42E7-A429-D30757F61737}"
EndProject
Project("{FAE04EC0-301F-11D3-BF4B-00C04F79EFBC}") = "AppConvertersXF.iOS", "AppConvertersXF\AppConvertersXF.iOS\AppConvertersXF.iOS.csproj", "{D0A4DD2B-5B1B-4011-88AE-4A736A56FDF1}"
EndProject
Project("{FAE04EC0-301F-11D3-BF4B-00C04F79EFBC}") = "AppConvertersXF", "AppConvertersXF\AppConvertersXF\AppConvertersXF.csproj", "{F9EE65A4-C9BB-404B-A900-F663695D5F3C}"
EndProject
Global
	GlobalSection(SolutionConfigurationPlatforms) = preSolution
		Ad-Hoc|Any CPU = Ad-Hoc|Any CPU
		Ad-Hoc|ARM = Ad-Hoc|ARM
		Ad-Hoc|iPhone = Ad-Hoc|iPhone
		Ad-Hoc|iPhoneSimulator = Ad-Hoc|iPhoneSimulator
		Ad-Hoc|Mixed Platforms = Ad-Hoc|Mixed Platforms
		Ad-Hoc|x64 = Ad-Hoc|x64
		Ad-Hoc|x86 = Ad-Hoc|x86
		AppStore|Any CPU = AppStore|Any CPU
		AppStore|ARM = AppStore|ARM
		AppStore|iPhone = AppStore|iPhone
		AppStore|iPhoneSimulator = AppStore|iPhoneSimulator
		AppStore|Mixed Platforms = AppStore|Mixed Platforms
		AppStore|x64 = AppStore|x64
		AppStore|x86 = AppStore|x86
		Debug|Any CPU = Debug|Any CPU
		Debug|ARM = Debug|ARM
		Debug|iPhone = Debug|iPhone
		Debug|iPhoneSimulator = Debug|iPhoneSimulator
		Debug|Mixed Platforms = Debug|Mixed Platforms
		Debug|x64 = Debug|x64
		Debug|x86 = Debug|x86
		Release|Any CPU = Release|Any CPU
		Release|ARM = Release|ARM
		Release|iPhone = Release|iPhone
		Release|iPhoneSimulator = Release|iPhoneSimulator
		Release|Mixed Platforms = Release|Mixed Platforms
		Release|x64 = Release|x64
		Release|x86 = Release|x86
	EndGlobalSection
	GlobalSection(ProjectConfigurationPlatforms) = postSolution
		{AE6F5B6F-B69E-42E7-A429-D30757F61737}.Ad-Hoc|Any CPU.ActiveCfg = Release|Any CPU
		{AE6F5B6F-B69E-42E7-A429-D30757F61737}.Ad-Hoc|Any CPU.Build.0 = Release|Any CPU
		{AE6F5B6F-B69E-42E7-A429-D30757F61737}.Ad-Hoc|Any CPU.Deploy.0 = Release|Any CPU
		{AE6F5B6F-B69E-42E7-A429-D30757F61737}.Ad-Hoc|ARM.ActiveCfg = Release|Any CPU
		{AE6F5B6F-B69E-42E7-A429-D30757F61737}.Ad-Hoc|iPhone.ActiveCfg = Release|Any CPU
		{AE6F5B6F-B69E-42E7-A429-D30757F61737}.Ad-Hoc|iPhoneSimulator.ActiveCfg = Release|Any CPU
		{AE6F5B6F-B69E-42E7-A429-D30757F61737}.Ad-Hoc|Mixed Platforms.ActiveCfg = Release|Any CPU
		{AE6F5B6F-B69E-42E7-A429-D30757F61737}.Ad-Hoc|Mixed Platforms.Build.0 = Release|Any CPU
		{AE6F5B6F-B69E-42E7-A429-D30757F61737}.Ad-Hoc|Mixed Platforms.Deploy.0 = Release|Any CPU
		{AE6F5B6F-B69E-42E7-A429-D30757F61737}.Ad-Hoc|x64.ActiveCfg = Release|Any CPU
		{AE6F5B6F-B69E-42E7-A429-D30757F61737}.Ad-Hoc|x86.ActiveCfg = Release|Any CPU
		{AE6F5B6F-B69E-42E7-A429-D30757F61737}.AppStore|Any CPU.ActiveCfg = Release|Any CPU
		{AE6F5B6F-B69E-42E7-A429-D30757F61737}.AppStore|Any CPU.Build.0 = Release|Any CPU
		{AE6F5B6F-B69E-42E7-A429-D30757F61737}.AppStore|Any CPU.Deploy.0 = Release|Any CPU
		{AE6F5B6F-B69E-42E7-A429-D30757F61737}.AppStore|ARM.ActiveCfg = Release|Any CPU
		{AE6F5B6F-B69E-42E7-A429-D30757F61737}.AppStore|iPhone.ActiveCfg = Release|Any CPU
		{AE6F5B6F-B69E-42E7-A429-D30757F61737}.AppStore|iPhoneSimulator.ActiveCfg = Release|Any CPU
		{AE6F5B6F-B69E-42E7-A429-D30757F61737}.AppStore|Mixed Platforms.ActiveCfg = Release|Any CPU
		{AE6F5B6F-B69E-42E7-A429-D30757F61737}.AppStore|Mixed Platforms.Build.0 = Release|Any CPU
		{AE6F5B6F-B69E-42E7-A429-D30757F61737}.AppStore|Mixed Platforms.Deploy.0 = Release|Any CPU
		{AE6F5B6F-B69E-42E7-A429-D30757F61737}.AppStore|x64.ActiveCfg = Release|Any CPU
		{AE6F5B6F-B69E-42E7-A429-D30757F61737}.AppStore|x86.ActiveCfg = Release|Any CPU
		{AE6F5B6F-B69E-42E7-A429-D30757F61737}.Debug|Any CPU.ActiveCfg = Debug|Any CPU
		{AE6F5B6F-B69E-42E7-A429-D30757F61737}.Debug|Any CPU.Build.0 = Debug|Any CPU
		{AE6F5B6F-B69E-42E7-A429-D30757F61737}.Debug|Any CPU.Deploy.0 = Debug|Any CPU
		{AE6F5B6F-B69E-42E7-A429-D30757F61737}.Debug|ARM.ActiveCfg = Debug|Any CPU
		{AE6F5B6F-B69E-42E7-A429-D30757F61737}.Debug|iPhone.ActiveCfg = Debug|Any CPU
		{AE6F5B6F-B69E-42E7-A429-D30757F61737}.Debug|iPhoneSimulator.ActiveCfg = Debug|Any CPU
		{AE6F5B6F-B69E-42E7-A429-D30757F61737}.Debug|Mixed Platforms.ActiveCfg = Debug|Any CPU
		{AE6F5B6F-B69E-42E7-A429-D30757F61737}.Debug|Mixed Platforms.Build.0 = Debug|Any CPU
		{AE6F5B6F-B69E-42E7-A429-D30757F61737}.Debug|Mixed Platforms.Deploy.0 = Debug|Any CPU
		{AE6F5B6F-B69E-42E7-A429-D30757F61737}.Debug|x64.ActiveCfg = Debug|Any CPU
		{AE6F5B6F-B69E-42E7-A429-D30757F61737}.Debug|x86.ActiveCfg = Debug|Any CPU
		{AE6F5B6F-B69E-42E7-A429-D30757F61737}.Release|Any CPU.ActiveCfg = Release|Any CPU
		{AE6F5B6F-B69E-42E7-A429-D30757F61737}.Release|Any CPU.Build.0 = Release|Any CPU
		{AE6F5B6F-B69E-42E7-A429-D30757F61737}.Release|Any CPU.Deploy.0 = Release|Any CPU
		{AE6F5B6F-B69E-42E7-A429-D30757F61737}.Release|ARM.ActiveCfg = Release|Any CPU
		{AE6F5B6F-B69E-42E7-A429-D30757F61737}.Release|iPhone.ActiveCfg = Release|Any CPU
		{AE6F5B6F-B69E-42E7-A429-D30757F61737}.Release|iPhoneSimulator.ActiveCfg = Release|Any CPU
		{AE6F5B6F-B69E-42E7-A429-D30757F61737}.Release|Mixed Platforms.ActiveCfg = Release|Any CPU
		{AE6F5B6F-B69E-42E7-A429-D30757F61737}.Release|Mixed Platforms.Build.0 = Release|Any CPU
		{AE6F5B6F-B69E-42E7-A429-D30757F61737}.Release|Mixed Platforms.Deploy.0 = Release|Any CPU
		{AE6F5B6F-B69E-42E7-A429-D30757F61737}.Release|x64.ActiveCfg = Release|Any CPU
		{AE6F5B6F-B69E-42E7-A429-D30757F61737}.Release|x86.ActiveCfg = Release|Any CPU
		{D0A4DD2B-5B1B-4011-88AE-4A736A56FDF1}.Ad-Hoc|Any CPU.ActiveCfg = Ad-Hoc|iPhone
		{D0A4DD2B-5B1B-4011-88AE-4A736A56FDF1}.Ad-Hoc|ARM.ActiveCfg = Ad-Hoc|iPhone
		{D0A4DD2B-5B1B-4011-88AE-4A736A56FDF1}.Ad-Hoc|iPhone.ActiveCfg = Ad-Hoc|iPhone
		{D0A4DD2B-5B1B-4011-88AE-4A736A56FDF1}.Ad-Hoc|iPhone.Build.0 = Ad-Hoc|iPhone
		{D0A4DD2B-5B1B-4011-88AE-4A736A56FDF1}.Ad-Hoc|iPhoneSimulator.ActiveCfg = Ad-Hoc|iPhoneSimulator
		{D0A4DD2B-5B1B-4011-88AE-4A736A56FDF1}.Ad-Hoc|iPhoneSimulator.Build.0 = Ad-Hoc|iPhoneSimulator
		{D0A4DD2B-5B1B-4011-88AE-4A736A56FDF1}.Ad-Hoc|Mixed Platforms.ActiveCfg = Ad-Hoc|iPhone
		{D0A4DD2B-5B1B-4011-88AE-4A736A56FDF1}.Ad-Hoc|Mixed Platforms.Build.0 = Ad-Hoc|iPhone
		{D0A4DD2B-5B1B-4011-88AE-4A736A56FDF1}.Ad-Hoc|x64.ActiveCfg = Ad-Hoc|iPhone
		{D0A4DD2B-5B1B-4011-88AE-4A736A56FDF1}.Ad-Hoc|x86.ActiveCfg = Ad-Hoc|iPhone
		{D0A4DD2B-5B1B-4011-88AE-4A736A56FDF1}.AppStore|Any CPU.ActiveCfg = AppStore|iPhone
		{D0A4DD2B-5B1B-4011-88AE-4A736A56FDF1}.AppStore|ARM.ActiveCfg = AppStore|iPhone
		{D0A4DD2B-5B1B-4011-88AE-4A736A56FDF1}.AppStore|iPhone.ActiveCfg = AppStore|iPhone
		{D0A4DD2B-5B1B-4011-88AE-4A736A56FDF1}.AppStore|iPhone.Build.0 = AppStore|iPhone
		{D0A4DD2B-5B1B-4011-88AE-4A736A56FDF1}.AppStore|iPhoneSimulator.ActiveCfg = AppStore|iPhoneSimulator
		{D0A4DD2B-5B1B-4011-88AE-4A736A56FDF1}.AppStore|iPhoneSimulator.Build.0 = AppStore|iPhoneSimulator
		{D0A4DD2B-5B1B-4011-88AE-4A736A56FDF1}.AppStore|Mixed Platforms.ActiveCfg = AppStore|iPhone
		{D0A4DD2B-5B1B-4011-88AE-4A736A56FDF1}.AppStore|Mixed Platforms.Build.0 = AppStore|iPhone
		{D0A4DD2B-5B1B-4011-88AE-4A736A56FDF1}.AppStore|x64.ActiveCfg = AppStore|iPhone
		{D0A4DD2B-5B1B-4011-88AE-4A736A56FDF1}.AppStore|x86.ActiveCfg = AppStore|iPhone
		{D0A4DD2B-5B1B-4011-88AE-4A736A56FDF1}.Debug|Any CPU.ActiveCfg = Debug|iPhone
		{D0A4DD2B-5B1B-4011-88AE-4A736A56FDF1}.Debug|ARM.ActiveCfg = Debug|iPhone
		{D0A4DD2B-5B1B-4011-88AE-4A736A56FDF1}.Debug|iPhone.ActiveCfg = Debug|iPhone
		{D0A4DD2B-5B1B-4011-88AE-4A736A56FDF1}.Debug|iPhone.Build.0 = Debug|iPhone
		{D0A4DD2B-5B1B-4011-88AE-4A736A56FDF1}.Debug|iPhoneSimulator.ActiveCfg = Debug|iPhoneSimulator
		{D0A4DD2B-5B1B-4011-88AE-4A736A56FDF1}.Debug|iPhoneSimulator.Build.0 = Debug|iPhoneSimulator
		{D0A4DD2B-5B1B-4011-88AE-4A736A56FDF1}.Debug|Mixed Platforms.ActiveCfg = Debug|iPhone
		{D0A4DD2B-5B1B-4011-88AE-4A736A56FDF1}.Debug|Mixed Platforms.Build.0 = Debug|iPhone
		{D0A4DD2B-5B1B-4011-88AE-4A736A56FDF1}.Debug|x64.ActiveCfg = Debug|iPhone
		{D0A4DD2B-5B1B-4011-88AE-4A736A56FDF1}.Debug|x86.ActiveCfg = Debug|iPhone
		{D0A4DD2B-5B1B-4011-88AE-4A736A56FDF1}.Release|Any CPU.ActiveCfg = Release|iPhone
		{D0A4DD2B-5B1B-4011-88AE-4A736A56FDF1}.Release|ARM.ActiveCfg = Release|iPhone
		{D0A4DD2B-5B1B-4011-88AE-4A736A56FDF1}.Release|iPhone.ActiveCfg = Release|iPhone
		{D0A4DD2B-5B1B-4011-88AE-4A736A56FDF1}.Release|iPhone.Build.0 = Release|iPhone
		{D0A4DD2B-5B1B-4011-88AE-4A736A56FDF1}.Release|iPhoneSimulator.ActiveCfg = Release|iPhoneSimulator
		{D0A4DD2B-5B1B-4011-88AE-4A736A56FDF1}.Release|iPhoneSimulator.Build.0 = Release|iPhoneSimulator
		{D0A4DD2B-5B1B-4011-88AE-4A736A56FDF1}.Release|Mixed Platforms.ActiveCfg = Release|iPhone
		{D0A4DD2B-5B1B-4011-88AE-4A736A56FDF1}.Release|Mixed Platforms.Build.0 = Release|iPhone
		{D0A4DD2B-5B1B-4011-88AE-4A736A56FDF1}.Release|x64.ActiveCfg = Release|iPhone
		{D0A4DD2B-5B1B-4011-88AE-4A736A56FDF1}.Release|x86.ActiveCfg = Release|iPhone
		{F9EE65A4-C9BB-404B-A900-F663695D5F3C}.Ad-Hoc|Any CPU.ActiveCfg = Release|Any CPU
		{F9EE65A4-C9BB-404B-A900-F663695D5F3C}.Ad-Hoc|Any CPU.Build.0 = Release|Any CPU
		{F9EE65A4-C9BB-404B-A900-F663695D5F3C}.Ad-Hoc|ARM.ActiveCfg = Release|Any CPU
		{F9EE65A4-C9BB-404B-A900-F663695D5F3C}.Ad-Hoc|iPhone.ActiveCfg = Release|Any CPU
		{F9EE65A4-C9BB-404B-A900-F663695D5F3C}.Ad-Hoc|iPhone.Build.0 = Release|Any CPU
		{F9EE65A4-C9BB-404B-A900-F663695D5F3C}.Ad-Hoc|iPhoneSimulator.ActiveCfg = Release|Any CPU
		{F9EE65A4-C9BB-404B-A900-F663695D5F3C}.Ad-Hoc|iPhoneSimulator.Build.0 = Release|Any CPU
		{F9EE65A4-C9BB-404B-A900-F663695D5F3C}.Ad-Hoc|Mixed Platforms.ActiveCfg = Release|Any CPU
		{F9EE65A4-C9BB-404B-A900-F663695D5F3C}.Ad-Hoc|Mixed Platforms.Build.0 = Release|Any CPU
		{F9EE65A4-C9BB-404B-A900-F663695D5F3C}.Ad-Hoc|x64.ActiveCfg = Release|Any CPU
		{F9EE65A4-C9BB-404B-A900-F663695D5F3C}.Ad-Hoc|x86.ActiveCfg = Release|Any CPU
		{F9EE65A4-C9BB-404B-A900-F663695D5F3C}.AppStore|Any CPU.ActiveCfg = Release|Any CPU
		{F9EE65A4-C9BB-404B-A900-F663695D5F3C}.AppStore|Any CPU.Build.0 = Release|Any CPU
		{F9EE65A4-C9BB-404B-A900-F663695D5F3C}.AppStore|ARM.ActiveCfg = Release|Any CPU
		{F9EE65A4-C9BB-404B-A900-F663695D5F3C}.AppStore|iPhone.ActiveCfg = Release|Any CPU
		{F9EE65A4-C9BB-404B-A900-F663695D5F3C}.AppStore|iPhone.Build.0 = Release|Any CPU
		{F9EE65A4-C9BB-404B-A900-F663695D5F3C}.AppStore|iPhoneSimulator.ActiveCfg = Release|Any CPU
		{F9EE65A4-C9BB-404B-A900-F663695D5F3C}.AppStore|iPhoneSimulator.Build.0 = Release|Any CPU
		{F9EE65A4-C9BB-404B-A900-F663695D5F3C}.AppStore|Mixed Platforms.ActiveCfg = Release|Any CPU
		{F9EE65A4-C9BB-404B-A900-F663695D5F3C}.AppStore|Mixed Platforms.Build.0 = Release|Any CPU
		{F9EE65A4-C9BB-404B-A900-F663695D5F3C}.AppStore|x64.ActiveCfg = Release|Any CPU
		{F9EE65A4-C9BB-404B-A900-F663695D5F3C}.AppStore|x86.ActiveCfg = Release|Any CPU
		{F9EE65A4-C9BB-404B-A900-F663695D5F3C}.Debug|Any CPU.ActiveCfg = Debug|Any CPU
		{F9EE65A4-C9BB-404B-A900-F663695D5F3C}.Debug|Any CPU.Build.0 = Debug|Any CPU
		{F9EE65A4-C9BB-404B-A900-F663695D5F3C}.Debug|ARM.ActiveCfg = Debug|Any CPU
		{F9EE65A4-C9BB-404B-A900-F663695D5F3C}.Debug|iPhone.ActiveCfg = Debug|Any CPU
		{F9EE65A4-C9BB-404B-A900-F663695D5F3C}.Debug|iPhone.Build.0 = Debug|Any CPU
		{F9EE65A4-C9BB-404B-A900-F663695D5F3C}.Debug|iPhoneSimulator.ActiveCfg = Debug|Any CPU
		{F9EE65A4-C9BB-404B-A900-F663695D5F3C}.Debug|iPhoneSimulator.Build.0 = Debug|Any CPU
		{F9EE65A4-C9BB-404B-A900-F663695D5F3C}.Debug|Mixed Platforms.ActiveCfg = Debug|Any CPU
		{F9EE65A4-C9BB-404B-A900-F663695D5F3C}.Debug|Mixed Platforms.Build.0 = Debug|Any CPU
		{F9EE65A4-C9BB-404B-A900-F663695D5F3C}.Debug|x64.ActiveCfg = Debug|Any CPU
		{F9EE65A4-C9BB-404B-A900-F663695D5F3C}.Debug|x86.ActiveCfg = Debug|Any CPU
		{F9EE65A4-C9BB-404B-A900-F663695D5F3C}.Release|Any CPU.ActiveCfg = Release|Any CPU
		{F9EE65A4-C9BB-404B-A900-F663695D5F3C}.Release|Any CPU.Build.0 = Release|Any CPU
		{F9EE65A4-C9BB-404B-A900-F663695D5F3C}.Release|ARM.ActiveCfg = Release|Any CPU
		{F9EE65A4-C9BB-404B-A900-F663695D5F3C}.Release|iPhone.ActiveCfg = Release|Any CPU
		{F9EE65A4-C9BB-404B-A900-F663695D5F3C}.Release|iPhone.Build.0 = Release|Any CPU
		{F9EE65A4-C9BB-404B-A900-F663695D5F3C}.Release|iPhoneSimulator.ActiveCfg = Release|Any CPU
		{F9EE65A4-C9BB-404B-A900-F663695D5F3C}.Release|iPhoneSimulator.Build.0 = Release|Any CPU
		{F9EE65A4-C9BB-404B-A900-F663695D5F3C}.Release|Mixed Platforms.ActiveCfg = Release|Any CPU
		{F9EE65A4-C9BB-404B-A900-F663695D5F3C}.Release|Mixed Platforms.Build.0 = Release|Any CPU
		{F9EE65A4-C9BB-404B-A900-F663695D5F3C}.Release|x64.ActiveCfg = Release|Any CPU
		{F9EE65A4-C9BB-404B-A900-F663695D5F3C}.Release|x86.ActiveCfg = Release|Any CPU
	EndGlobalSection
	GlobalSection(SolutionProperties) = preSolution
		HideSolutionNode = FALSE
	EndGlobalSection
EndGlobal
